
Microsoft Visual Studio Solution File, Format Version 12.00
# Visual Studio Version 17
VisualStudioVersion = 17.10.35013.160
MinimumVisualStudioVersion = 10.0.40219.1
Project("{FAE04EC0-301F-11D3-BF4B-00C04F79EFBC}") = "Carpool_DB_Proj", "Carpool_DB_Proj.csproj", "{6A5981D2-C046-4B47-AC09-9A9AEEAA7758}"
EndProject
Global
	GlobalSection(SolutionConfigurationPlatforms) = preSolution
		Debug|Any CPU = Debug|Any CPU
		Release|Any CPU = Release|Any CPU
	EndGlobalSection
	GlobalSection(ProjectConfigurationPlatforms) = postSolution
		{6A5981D2-C046-4B47-AC09-9A9AEEAA7758}.Debug|Any CPU.ActiveCfg = Debug|Any CPU
		{6A5981D2-C046-4B47-AC09-9A9AEEAA7758}.Debug|Any CPU.Build.0 = Debug|Any CPU
		{6A5981D2-C046-4B47-AC09-9A9AEEAA7758}.Release|Any CPU.ActiveCfg = Release|Any CPU
		{6A5981D2-C046-4B47-AC09-9A9AEEAA7758}.Release|Any CPU.Build.0 = Release|Any CPU
	EndGlobalSection
	GlobalSection(SolutionProperties) = preSolution
		HideSolutionNode = FALSE
	EndGlobalSection
	GlobalSection(ExtensibilityGlobals) = postSolution
		SolutionGuid = {165456A3-F236-4095-A976-5E7DDBEC218F}
	EndGlobalSection
EndGlobal
